<?xml version="1.0" encoding="utf-8"?>
<Project ToolsVersion="4.0" xmlns="http://schemas.microsoft.com/developer/msbuild/2003">
  <ItemGroup>
    <Filter Include="Source Files">
      <UniqueIdentifier>{d082b583-0b9c-49fe-9cd4-ca5c5fa0f642}</UniqueIdentifier>
    </Filter>
    <Filter Include="Header Files">
      <UniqueIdentifier>{df160e65-f315-4d30-865d-c4610db297ab}</UniqueIdentifier>
    </Filter>
    <Filter Include="Resource Files">
      <UniqueIdentifier>{77fc4c54-9f68-45d7-8388-4783d46dd318}</UniqueIdentifier>
    </Filter>
    <Filter Include="Header FilesD:\dev\pcc\src\output\src\.vs">
      <UniqueIdentifier>{1b3bffd9-ad19-4405-933f-199d1a60cc83}</UniqueIdentifier>
    </Filter>
    <Filter Include="Header FilesD:\dev\pcc\src\output\src\.vs\YourOwnProjectName">
      <UniqueIdentifier>{48d30bb0-4bb7-41cb-8d0c-f2d5fad566c0}</UniqueIdentifier>
    </Filter>
    <Filter Include="Header FilesD:\dev\pcc\src\output\src\.vs\YourOwnProjectName\v14">
      <UniqueIdentifier>{473d2913-29af-4586-a8fa-69abb6755382}</UniqueIdentifier>
    </Filter>
    <Filter Include="Header FilesD:\dev\pcc\src\output\src\.vs\YourOwnProjectName\v15">
      <UniqueIdentifier>{a2173523-2f9e-4556-94aa-753de7dd42e9}</UniqueIdentifier>
    </Filter>
    <Filter Include="Header FilesD:\dev\pcc\src\output\src\.vs\YourOwnProjectName\v15\ipch">
      <UniqueIdentifier>{c90360ff-4a27-4b5b-a1b9-a0ad6daf1915}</UniqueIdentifier>
    </Filter>
    <Filter Include="Header FilesD:\dev\pcc\src\output\src\.vs\YourOwnProjectName\v15\ipch\AutoPCH">
      <UniqueIdentifier>{8fa0b1c9-e9e8-45b6-85cb-8b19ea896e25}</UniqueIdentifier>
    </Filter>
    <Filter Include="Header FilesD:\dev\pcc\src\output\src\Control_Applicative">
      <UniqueIdentifier>{ad8d80a0-8384-4685-9a7d-67a3450d0e3b}</UniqueIdentifier>
    </Filter>
    <Filter Include="Header FilesD:\dev\pcc\src\output\src\Control_Apply">
      <UniqueIdentifier>{3e6cfaa4-0f98-43ea-9d70-7d6927d97976}</UniqueIdentifier>
    </Filter>
    <Filter Include="Header FilesD:\dev\pcc\src\output\src\Control_Bind">
      <UniqueIdentifier>{41dca0f5-8ac5-4803-b044-a78d818e63f6}</UniqueIdentifier>
    </Filter>
    <Filter Include="Header FilesD:\dev\pcc\src\output\src\Control_Category">
      <UniqueIdentifier>{1b7dc8b3-75ab-40f1-9899-d52d04cd35db}</UniqueIdentifier>
    </Filter>
    <Filter Include="Header FilesD:\dev\pcc\src\output\src\Control_Monad">
      <UniqueIdentifier>{12ef1aff-54ea-40d5-8010-896ba8348b44}</UniqueIdentifier>
    </Filter>
    <Filter Include="Header FilesD:\dev\pcc\src\output\src\Control_Semigroupoid">
      <UniqueIdentifier>{d3d014f7-3122-4dcd-b447-5b662665b453}</UniqueIdentifier>
    </Filter>
    <Filter Include="Header FilesD:\dev\pcc\src\output\src\Data_Boolean">
      <UniqueIdentifier>{edc487bb-16f3-41fa-a6df-763d7dfe3527}</UniqueIdentifier>
    </Filter>
    <Filter Include="Header FilesD:\dev\pcc\src\output\src\Data_BooleanAlgebra">
      <UniqueIdentifier>{5469186e-96fc-4b7d-ad77-191271a145e0}</UniqueIdentifier>
    </Filter>
    <Filter Include="Header FilesD:\dev\pcc\src\output\src\Data_Bounded">
      <UniqueIdentifier>{df5ec02c-45df-4c73-81b2-170307ec529d}</UniqueIdentifier>
    </Filter>
    <Filter Include="Header FilesD:\dev\pcc\src\output\src\Data_CommutativeRing">
      <UniqueIdentifier>{ca454c19-3c3b-4b00-812d-57320b817b80}</UniqueIdentifier>
    </Filter>
    <Filter Include="Header FilesD:\dev\pcc\src\output\src\Data_DivisionRing">
      <UniqueIdentifier>{34bddd51-96b0-4141-ad89-54bd8afe14a8}</UniqueIdentifier>
    </Filter>
    <Filter Include="Header FilesD:\dev\pcc\src\output\src\Data_Eq">
      <UniqueIdentifier>{a26668f8-f5dd-4d58-ac66-9ec559042635}</UniqueIdentifier>
    </Filter>
    <Filter Include="Header FilesD:\dev\pcc\src\output\src\Data_EuclideanRing">
      <UniqueIdentifier>{7adf382b-fe64-4163-8765-586b8c33ec46}</UniqueIdentifier>
    </Filter>
    <Filter Include="Header FilesD:\dev\pcc\src\output\src\Data_Field">
      <UniqueIdentifier>{89ca680b-d8e4-4383-ac24-b8cdff2b56fd}</UniqueIdentifier>
    </Filter>
    <Filter Include="Header FilesD:\dev\pcc\src\output\src\Data_Function">
      <UniqueIdentifier>{7ec669b8-b1fd-4dd9-ac44-8b0dd08d8a79}</UniqueIdentifier>
    </Filter>
    <Filter Include="Header FilesD:\dev\pcc\src\output\src\Data_Functor">
      <UniqueIdentifier>{6d728252-3a50-4e82-bd65-ae49e2f75eda}</UniqueIdentifier>
    </Filter>
    <Filter Include="Header FilesD:\dev\pcc\src\output\src\Data_HeytingAlgebra">
      <UniqueIdentifier>{4d704af9-267b-47a2-b927-95a35d0be03f}</UniqueIdentifier>
    </Filter>
    <Filter Include="Header FilesD:\dev\pcc\src\output\src\Data_Monoid">
      <UniqueIdentifier>{7a5f30cd-af1e-4f56-9d2a-c8392968ceca}</UniqueIdentifier>
    </Filter>
    <Filter Include="Header FilesD:\dev\pcc\src\output\src\Data_Monoid_Additive">
      <UniqueIdentifier>{33dff4ed-10dc-4fc0-8b0e-612d76ad1e9a}</UniqueIdentifier>
    </Filter>
    <Filter Include="Header FilesD:\dev\pcc\src\output\src\Data_Monoid_Conj">
      <UniqueIdentifier>{1d8f2c7c-0c51-46fd-8874-8f9e377c77cf}</UniqueIdentifier>
    </Filter>
    <Filter Include="Header FilesD:\dev\pcc\src\output\src\Data_Monoid_Disj">
      <UniqueIdentifier>{bf10c097-6620-4731-befa-16aca273b688}</UniqueIdentifier>
    </Filter>
    <Filter Include="Header FilesD:\dev\pcc\src\output\src\Data_Monoid_Dual">
      <UniqueIdentifier>{04046e5f-66e8-4679-bc40-cd76b2336ae7}</UniqueIdentifier>
    </Filter>
    <Filter Include="Header FilesD:\dev\pcc\src\output\src\Data_Monoid_Endo">
      <UniqueIdentifier>{bc0746f4-5b49-4ef7-b1e9-1f1ea55c590b}</UniqueIdentifier>
    </Filter>
    <Filter Include="Header FilesD:\dev\pcc\src\output\src\Data_Monoid_Multiplicative">
      <UniqueIdentifier>{1abc2f76-13e3-4ec9-b592-8ac27e8ff913}</UniqueIdentifier>
    </Filter>
    <Filter Include="Header FilesD:\dev\pcc\src\output\src\Data_NaturalTransformation">
      <UniqueIdentifier>{37c26105-6556-4810-80dc-2384846af721}</UniqueIdentifier>
    </Filter>
    <Filter Include="Header FilesD:\dev\pcc\src\output\src\Data_Ord">
      <UniqueIdentifier>{8eb8e8c1-a841-40ec-b167-1082c18fb354}</UniqueIdentifier>
    </Filter>
    <Filter Include="Header FilesD:\dev\pcc\src\output\src\Data_Ordering">
      <UniqueIdentifier>{7f4027ca-3947-437e-88d3-0cde849cc1cc}</UniqueIdentifier>
    </Filter>
    <Filter Include="Header FilesD:\dev\pcc\src\output\src\Data_Ord_Unsafe">
      <UniqueIdentifier>{ccf85340-f904-4de4-acc1-e7b6e0326aa9}</UniqueIdentifier>
    </Filter>
    <Filter Include="Header FilesD:\dev\pcc\src\output\src\Data_Ring">
      <UniqueIdentifier>{1f82f443-cc1b-423f-a6cf-042c2af22a0b}</UniqueIdentifier>
    </Filter>
    <Filter Include="Header FilesD:\dev\pcc\src\output\src\Data_Semigroup">
      <UniqueIdentifier>{827d67f3-1b2b-46b0-a49e-d95e7f7a3012}</UniqueIdentifier>
    </Filter>
    <Filter Include="Header FilesD:\dev\pcc\src\output\src\Data_Semigroup_First">
      <UniqueIdentifier>{e5885f70-52d4-4555-b7cf-726e3c6ce0dd}</UniqueIdentifier>
    </Filter>
    <Filter Include="Header FilesD:\dev\pcc\src\output\src\Data_Semigroup_Last">
      <UniqueIdentifier>{9c455fda-63b6-4c4f-95ff-ee7a8466548e}</UniqueIdentifier>
    </Filter>
    <Filter Include="Header FilesD:\dev\pcc\src\output\src\Data_Semiring">
      <UniqueIdentifier>{de524252-4271-4dbf-98d2-00a4be09d744}</UniqueIdentifier>
    </Filter>
    <Filter Include="Header FilesD:\dev\pcc\src\output\src\Data_Show">
      <UniqueIdentifier>{4751b3f5-67a5-4fc2-bde5-700a13f6691f}</UniqueIdentifier>
    </Filter>
    <Filter Include="Header FilesD:\dev\pcc\src\output\src\Data_Symbol">
      <UniqueIdentifier>{56e1b5e6-4ff2-4c7c-a6d9-97cef4cb3e3f}</UniqueIdentifier>
    </Filter>
    <Filter Include="Header FilesD:\dev\pcc\src\output\src\Data_Unit">
      <UniqueIdentifier>{f0a11d45-fbf7-420a-994e-e70e932a3ec3}</UniqueIdentifier>
    </Filter>
    <Filter Include="Header FilesD:\dev\pcc\src\output\src\Data_Void">
      <UniqueIdentifier>{dc331330-7056-428d-bee5-60ec65b186cd}</UniqueIdentifier>
    </Filter>
    <Filter Include="Header FilesD:\dev\pcc\src\output\src\Debug">
      <UniqueIdentifier>{453694c7-35af-4426-a53b-1c87a702e67b}</UniqueIdentifier>
    </Filter>
    <Filter Include="Header FilesD:\dev\pcc\src\output\src\Debug\YourOwnP.7BB06DF3.tlog">
      <UniqueIdentifier>{3b4af32c-d89f-40f3-bdf4-c4fed5bb61f0}</UniqueIdentifier>
    </Filter>
    <Filter Include="Header FilesD:\dev\pcc\src\output\src\Effect">
      <UniqueIdentifier>{320e537f-69c9-4716-9ead-1973347eb148}</UniqueIdentifier>
    </Filter>
    <Filter Include="Header FilesD:\dev\pcc\src\output\src\Effect_Class">
      <UniqueIdentifier>{81242ede-fdcc-48ad-8107-6d0449e9c0a6}</UniqueIdentifier>
    </Filter>
    <Filter Include="Header FilesD:\dev\pcc\src\output\src\Effect_Class_Console">
      <UniqueIdentifier>{e42ad269-2d48-4bd9-82a3-26d3609d3029}</UniqueIdentifier>
    </Filter>
    <Filter Include="Header FilesD:\dev\pcc\src\output\src\Effect_Console">
      <UniqueIdentifier>{fac2df42-94dd-4aba-a51f-41fe073bd3f0}</UniqueIdentifier>
    </Filter>
    <Filter Include="Header FilesD:\dev\pcc\src\output\src\Effect_Uncurried">
      <UniqueIdentifier>{c88aca88-552b-4371-8e1b-cda69061341e}</UniqueIdentifier>
    </Filter>
    <Filter Include="Header FilesD:\dev\pcc\src\output\src\Effect_Unsafe">
      <UniqueIdentifier>{35255d5c-92d2-481c-873a-6cec92b00cd0}</UniqueIdentifier>
    </Filter>
    <Filter Include="Header FilesD:\dev\pcc\src\output\src\ffi">
      <UniqueIdentifier>{8c2f34dc-f671-4edc-be18-d6ee68c9ce26}</UniqueIdentifier>
    </Filter>
    <Filter Include="Header FilesD:\dev\pcc\src\output\src\ffi\arrays">
      <UniqueIdentifier>{fd4a4229-2cab-41d1-8459-56ceb14a1c42}</UniqueIdentifier>
    </Filter>
    <Filter Include="Header FilesD:\dev\pcc\src\output\src\ffi\assert">
      <UniqueIdentifier>{1c184a63-661c-4f1c-8f9a-4babced44f43}</UniqueIdentifier>
    </Filter>
    <Filter Include="Header FilesD:\dev\pcc\src\output\src\ffi\console">
      <UniqueIdentifier>{603566aa-d767-48db-b97c-a8a46808f348}</UniqueIdentifier>
    </Filter>
    <Filter Include="Header FilesD:\dev\pcc\src\output\src\ffi\effect">
      <UniqueIdentifier>{a543841e-392b-452f-bf9f-74dbe7844873}</UniqueIdentifier>
    </Filter>
    <Filter Include="Header FilesD:\dev\pcc\src\output\src\ffi\foldable-traversable">
      <UniqueIdentifier>{aae3e3de-4808-4e39-83a4-4b6efbe9c2e3}</UniqueIdentifier>
    </Filter>
    <Filter Include="Header FilesD:\dev\pcc\src\output\src\ffi\functions">
      <UniqueIdentifier>{94b49b0d-449e-4217-8b28-db7e17d98ab8}</UniqueIdentifier>
    </Filter>
    <Filter Include="Header FilesD:\dev\pcc\src\output\src\ffi\integers">
      <UniqueIdentifier>{6a5612c8-738d-42ea-bfcf-682cf1effc11}</UniqueIdentifier>
    </Filter>
    <Filter Include="Header FilesD:\dev\pcc\src\output\src\ffi\math">
      <UniqueIdentifier>{97688830-9d75-46d3-af36-489704d12711}</UniqueIdentifier>
    </Filter>
    <Filter Include="Header FilesD:\dev\pcc\src\output\src\ffi\partial">
      <UniqueIdentifier>{6b8c8c65-8ef6-47ef-8aff-67de0f1a4fd4}</UniqueIdentifier>
    </Filter>
    <Filter Include="Header FilesD:\dev\pcc\src\output\src\ffi\prelude">
      <UniqueIdentifier>{9a608487-98b0-4462-a8c7-c523936c6e7d}</UniqueIdentifier>
    </Filter>
    <Filter Include="Header FilesD:\dev\pcc\src\output\src\ffi\refs">
      <UniqueIdentifier>{bb8629b6-0f43-4e49-8231-f3845868af2a}</UniqueIdentifier>
    </Filter>
    <Filter Include="Header FilesD:\dev\pcc\src\output\src\ffi\st">
      <UniqueIdentifier>{ca9d0913-cb4e-4bc5-b4dd-9a23e8abf1fd}</UniqueIdentifier>
    </Filter>
    <Filter Include="Header FilesD:\dev\pcc\src\output\src\ffi\unsafe_coerce">
      <UniqueIdentifier>{a74403bc-a973-46f6-8269-f41e12da4b15}</UniqueIdentifier>
    </Filter>
    <Filter Include="Header FilesD:\dev\pcc\src\output\src\Main">
      <UniqueIdentifier>{951dced1-0a52-4dfd-9076-509769908292}</UniqueIdentifier>
    </Filter>
    <Filter Include="Header FilesD:\dev\pcc\src\output\src\Prelude">
      <UniqueIdentifier>{bbc77374-5288-42f9-a8a4-92adc36f9494}</UniqueIdentifier>
    </Filter>
    <Filter Include="Header FilesD:\dev\pcc\src\output\src\Record_Unsafe">
      <UniqueIdentifier>{a6e1cec4-6ab8-4c08-b893-b17fbb17313b}</UniqueIdentifier>
    </Filter>
    <Filter Include="Header FilesD:\dev\pcc\src\output\src\Type_Data_Row">
      <UniqueIdentifier>{c60d11e2-3f81-434d-91e3-382f2f293ca7}</UniqueIdentifier>
    </Filter>
    <Filter Include="Header FilesD:\dev\pcc\src\output\src\Type_Data_RowList">
      <UniqueIdentifier>{ece941ec-4183-46e8-aa34-c5dbc2434ef7}</UniqueIdentifier>
    </Filter>
    <Filter Include="Source FilesD:\dev\pcc\src\output\src\.vs">
      <UniqueIdentifier>{9436a146-23b2-4f9c-a25a-d6aba4136cc8}</UniqueIdentifier>
    </Filter>
    <Filter Include="Source FilesD:\dev\pcc\src\output\src\.vs\YourOwnProjectName">
      <UniqueIdentifier>{2fe67ed7-f91e-44f5-a16e-7c0f8c08ac87}</UniqueIdentifier>
    </Filter>
    <Filter Include="Source FilesD:\dev\pcc\src\output\src\.vs\YourOwnProjectName\v14">
      <UniqueIdentifier>{09c7a5d5-e644-4723-9e04-6cefc5875bac}</UniqueIdentifier>
    </Filter>
    <Filter Include="Source FilesD:\dev\pcc\src\output\src\.vs\YourOwnProjectName\v15">
      <UniqueIdentifier>{6978bf60-6fc3-4846-81b9-2c6d472e1656}</UniqueIdentifier>
    </Filter>
    <Filter Include="Source FilesD:\dev\pcc\src\output\src\.vs\YourOwnProjectName\v15\ipch">
      <UniqueIdentifier>{fa9a4899-9e3b-4e7f-9a30-51a8cb9e2ca5}</UniqueIdentifier>
    </Filter>
    <Filter Include="Source FilesD:\dev\pcc\src\output\src\.vs\YourOwnProjectName\v15\ipch\AutoPCH">
      <UniqueIdentifier>{4ccf129e-7e4c-43ec-9909-07bf517822b9}</UniqueIdentifier>
    </Filter>
    <Filter Include="Source FilesD:\dev\pcc\src\output\src\Control_Applicative">
      <UniqueIdentifier>{53b3c28f-a096-46ae-93e1-8dd39b5a30b2}</UniqueIdentifier>
    </Filter>
    <Filter Include="Source FilesD:\dev\pcc\src\output\src\Control_Apply">
      <UniqueIdentifier>{e6e8518f-99b9-48e6-845c-b705afe6c2af}</UniqueIdentifier>
    </Filter>
    <Filter Include="Source FilesD:\dev\pcc\src\output\src\Control_Bind">
      <UniqueIdentifier>{42108cbb-8255-40b2-8817-6a7459baf8d1}</UniqueIdentifier>
    </Filter>
    <Filter Include="Source FilesD:\dev\pcc\src\output\src\Control_Category">
      <UniqueIdentifier>{84c79534-770a-4834-a0b3-233fa778273a}</UniqueIdentifier>
    </Filter>
    <Filter Include="Source FilesD:\dev\pcc\src\output\src\Control_Monad">
      <UniqueIdentifier>{32b0601a-1878-4d89-b3d0-70886bbe5607}</UniqueIdentifier>
    </Filter>
    <Filter Include="Source FilesD:\dev\pcc\src\output\src\Control_Semigroupoid">
      <UniqueIdentifier>{b369368d-0b3f-42d4-8b0f-756dbd2dc158}</UniqueIdentifier>
    </Filter>
    <Filter Include="Source FilesD:\dev\pcc\src\output\src\Data_Boolean">
      <UniqueIdentifier>{d29435ad-77ff-4e35-940d-69107666594f}</UniqueIdentifier>
    </Filter>
    <Filter Include="Source FilesD:\dev\pcc\src\output\src\Data_BooleanAlgebra">
      <UniqueIdentifier>{3fd0ce99-8b57-49ca-a06e-1690b607420b}</UniqueIdentifier>
    </Filter>
    <Filter Include="Source FilesD:\dev\pcc\src\output\src\Data_Bounded">
      <UniqueIdentifier>{0ebd4674-f5e9-43b5-a5cf-5d0c5eb253ac}</UniqueIdentifier>
    </Filter>
    <Filter Include="Source FilesD:\dev\pcc\src\output\src\Data_CommutativeRing">
      <UniqueIdentifier>{36fa365b-6c54-4e14-bdd1-afa597059a51}</UniqueIdentifier>
    </Filter>
    <Filter Include="Source FilesD:\dev\pcc\src\output\src\Data_DivisionRing">
      <UniqueIdentifier>{14290b6f-2739-4f08-a614-957c49a2d61c}</UniqueIdentifier>
    </Filter>
    <Filter Include="Source FilesD:\dev\pcc\src\output\src\Data_Eq">
      <UniqueIdentifier>{e5e886d0-6335-40b2-8039-29b0a527fb2b}</UniqueIdentifier>
    </Filter>
    <Filter Include="Source FilesD:\dev\pcc\src\output\src\Data_EuclideanRing">
      <UniqueIdentifier>{4fd93d9e-e0eb-4130-91de-9b609c35b1a1}</UniqueIdentifier>
    </Filter>
    <Filter Include="Source FilesD:\dev\pcc\src\output\src\Data_Field">
      <UniqueIdentifier>{d99a18f9-64fa-42a3-84a4-adad656dd59a}</UniqueIdentifier>
    </Filter>
    <Filter Include="Source FilesD:\dev\pcc\src\output\src\Data_Function">
      <UniqueIdentifier>{6ecdd601-3802-4b2b-a62b-37b8fb6df739}</UniqueIdentifier>
    </Filter>
    <Filter Include="Source FilesD:\dev\pcc\src\output\src\Data_Functor">
      <UniqueIdentifier>{df1185d6-a6a3-44e9-a813-a49f9cd6da9d}</UniqueIdentifier>
    </Filter>
    <Filter Include="Source FilesD:\dev\pcc\src\output\src\Data_HeytingAlgebra">
      <UniqueIdentifier>{5e060d98-817d-4dfb-9ffc-73844c49f7e5}</UniqueIdentifier>
    </Filter>
    <Filter Include="Source FilesD:\dev\pcc\src\output\src\Data_Monoid">
      <UniqueIdentifier>{034ca667-9d2f-4882-8787-b7855065fb33}</UniqueIdentifier>
    </Filter>
    <Filter Include="Source FilesD:\dev\pcc\src\output\src\Data_Monoid_Additive">
      <UniqueIdentifier>{4a825d63-525c-4a9f-bc52-97c4b3c944a7}</UniqueIdentifier>
    </Filter>
    <Filter Include="Source FilesD:\dev\pcc\src\output\src\Data_Monoid_Conj">
      <UniqueIdentifier>{934993ac-fda0-4e6f-bffe-cf5fc516685e}</UniqueIdentifier>
    </Filter>
    <Filter Include="Source FilesD:\dev\pcc\src\output\src\Data_Monoid_Disj">
      <UniqueIdentifier>{a1427e62-7f9e-4216-b82a-2d7896edae7b}</UniqueIdentifier>
    </Filter>
    <Filter Include="Source FilesD:\dev\pcc\src\output\src\Data_Monoid_Dual">
      <UniqueIdentifier>{1c0ca6a5-bcf5-47b1-ae79-152e7fec931d}</UniqueIdentifier>
    </Filter>
    <Filter Include="Source FilesD:\dev\pcc\src\output\src\Data_Monoid_Endo">
      <UniqueIdentifier>{0f476995-1e45-4562-9088-fda09ab44664}</UniqueIdentifier>
    </Filter>
    <Filter Include="Source FilesD:\dev\pcc\src\output\src\Data_Monoid_Multiplicative">
      <UniqueIdentifier>{6a927852-102e-4547-aff8-f1ef45e62c70}</UniqueIdentifier>
    </Filter>
    <Filter Include="Source FilesD:\dev\pcc\src\output\src\Data_NaturalTransformation">
      <UniqueIdentifier>{818f57fc-8350-4581-826a-113da4205d60}</UniqueIdentifier>
    </Filter>
    <Filter Include="Source FilesD:\dev\pcc\src\output\src\Data_Ord">
      <UniqueIdentifier>{8bdce1b3-6c4b-4830-a17c-0ea61c042556}</UniqueIdentifier>
    </Filter>
    <Filter Include="Source FilesD:\dev\pcc\src\output\src\Data_Ordering">
      <UniqueIdentifier>{251bc297-43bf-4375-8acf-b14cd8308471}</UniqueIdentifier>
    </Filter>
    <Filter Include="Source FilesD:\dev\pcc\src\output\src\Data_Ord_Unsafe">
      <UniqueIdentifier>{cceafbc8-864c-416e-a003-54504746aed0}</UniqueIdentifier>
    </Filter>
    <Filter Include="Source FilesD:\dev\pcc\src\output\src\Data_Ring">
      <UniqueIdentifier>{66ec6267-3492-403c-a6b9-66d09be48c95}</UniqueIdentifier>
    </Filter>
    <Filter Include="Source FilesD:\dev\pcc\src\output\src\Data_Semigroup">
      <UniqueIdentifier>{babd1f92-5331-4200-888e-ebed4cab39df}</UniqueIdentifier>
    </Filter>
    <Filter Include="Source FilesD:\dev\pcc\src\output\src\Data_Semigroup_First">
      <UniqueIdentifier>{f3ff306a-6ac8-4cd8-9326-fac8943c86ce}</UniqueIdentifier>
    </Filter>
    <Filter Include="Source FilesD:\dev\pcc\src\output\src\Data_Semigroup_Last">
      <UniqueIdentifier>{2254e60e-07fa-4ae5-b81d-3e80f1357782}</UniqueIdentifier>
    </Filter>
    <Filter Include="Source FilesD:\dev\pcc\src\output\src\Data_Semiring">
      <UniqueIdentifier>{b95865a1-3b63-4a47-8d17-7634a637c41a}</UniqueIdentifier>
    </Filter>
    <Filter Include="Source FilesD:\dev\pcc\src\output\src\Data_Show">
      <UniqueIdentifier>{10ae2840-19a6-4d1f-8bb1-f50639e358b8}</UniqueIdentifier>
    </Filter>
    <Filter Include="Source FilesD:\dev\pcc\src\output\src\Data_Symbol">
      <UniqueIdentifier>{e3f47b0c-3b62-498b-918d-2215f6d7d57b}</UniqueIdentifier>
    </Filter>
    <Filter Include="Source FilesD:\dev\pcc\src\output\src\Data_Unit">
      <UniqueIdentifier>{d2ccff24-3d37-49ac-a048-f8806bb50e83}</UniqueIdentifier>
    </Filter>
    <Filter Include="Source FilesD:\dev\pcc\src\output\src\Data_Void">
      <UniqueIdentifier>{e0d429ab-3fc5-4ba2-9d86-8769eb1b8bef}</UniqueIdentifier>
    </Filter>
    <Filter Include="Source FilesD:\dev\pcc\src\output\src\Debug">
      <UniqueIdentifier>{f5aec3bd-67ac-418d-92e3-71ee0bab09e2}</UniqueIdentifier>
    </Filter>
    <Filter Include="Source FilesD:\dev\pcc\src\output\src\Debug\YourOwnP.7BB06DF3.tlog">
      <UniqueIdentifier>{5cf96a7e-5d8c-418e-ae03-6f312803f878}</UniqueIdentifier>
    </Filter>
    <Filter Include="Source FilesD:\dev\pcc\src\output\src\Effect">
      <UniqueIdentifier>{46550f0b-ce04-45c3-8083-ca50dec4fbd3}</UniqueIdentifier>
    </Filter>
    <Filter Include="Source FilesD:\dev\pcc\src\output\src\Effect_Class">
      <UniqueIdentifier>{45627685-e9b6-4c4d-8004-e26c928f6c15}</UniqueIdentifier>
    </Filter>
    <Filter Include="Source FilesD:\dev\pcc\src\output\src\Effect_Class_Console">
      <UniqueIdentifier>{d1bfba0c-e541-474d-8626-aaa6ea02d55a}</UniqueIdentifier>
    </Filter>
    <Filter Include="Source FilesD:\dev\pcc\src\output\src\Effect_Console">
      <UniqueIdentifier>{c70dc6c0-7945-4ce1-9089-2a1d4fbf77c5}</UniqueIdentifier>
    </Filter>
    <Filter Include="Source FilesD:\dev\pcc\src\output\src\Effect_Uncurried">
      <UniqueIdentifier>{e4edddc1-6262-472a-80cd-fbf07264c775}</UniqueIdentifier>
    </Filter>
    <Filter Include="Source FilesD:\dev\pcc\src\output\src\Effect_Unsafe">
      <UniqueIdentifier>{4efe142f-e138-4449-9c92-cf40c492ec89}</UniqueIdentifier>
    </Filter>
    <Filter Include="Source FilesD:\dev\pcc\src\output\src\ffi">
      <UniqueIdentifier>{0ce0d32a-3a67-465c-8d79-e72efce94324}</UniqueIdentifier>
    </Filter>
    <Filter Include="Source FilesD:\dev\pcc\src\output\src\ffi\arrays">
      <UniqueIdentifier>{8a3257d2-368f-4385-a120-9ad9960adb62}</UniqueIdentifier>
    </Filter>
    <Filter Include="Source FilesD:\dev\pcc\src\output\src\ffi\assert">
      <UniqueIdentifier>{16963347-a250-45e2-8928-d5604e94f966}</UniqueIdentifier>
    </Filter>
    <Filter Include="Source FilesD:\dev\pcc\src\output\src\ffi\console">
      <UniqueIdentifier>{65abcaa9-ce49-4b94-9b31-95e5a926954f}</UniqueIdentifier>
    </Filter>
    <Filter Include="Source FilesD:\dev\pcc\src\output\src\ffi\effect">
      <UniqueIdentifier>{0f11d718-0f1d-46bb-90dc-6f876c61db3c}</UniqueIdentifier>
    </Filter>
    <Filter Include="Source FilesD:\dev\pcc\src\output\src\ffi\foldable-traversable">
      <UniqueIdentifier>{0e67e5b4-3d69-4d78-87c6-096522e6ab4f}</UniqueIdentifier>
    </Filter>
    <Filter Include="Source FilesD:\dev\pcc\src\output\src\ffi\functions">
      <UniqueIdentifier>{434fd79d-35ce-49e9-8193-9ea09b5319a8}</UniqueIdentifier>
    </Filter>
    <Filter Include="Source FilesD:\dev\pcc\src\output\src\ffi\integers">
      <UniqueIdentifier>{f16761f3-58eb-4a2f-a3e0-7e59684aee64}</UniqueIdentifier>
    </Filter>
    <Filter Include="Source FilesD:\dev\pcc\src\output\src\ffi\math">
      <UniqueIdentifier>{40518dd6-0b63-406a-b84e-8baf606925a6}</UniqueIdentifier>
    </Filter>
    <Filter Include="Source FilesD:\dev\pcc\src\output\src\ffi\partial">
      <UniqueIdentifier>{bbab3867-35d2-42bb-ac7d-bdc11e526f8d}</UniqueIdentifier>
    </Filter>
    <Filter Include="Source FilesD:\dev\pcc\src\output\src\ffi\prelude">
      <UniqueIdentifier>{d31792c3-c4db-4b40-920e-9fb180a3b038}</UniqueIdentifier>
    </Filter>
    <Filter Include="Source FilesD:\dev\pcc\src\output\src\ffi\refs">
      <UniqueIdentifier>{5a34a20d-291d-481a-9e9f-d09d29fe7fc9}</UniqueIdentifier>
    </Filter>
    <Filter Include="Source FilesD:\dev\pcc\src\output\src\ffi\st">
      <UniqueIdentifier>{08a2bf64-d737-4b6a-abd1-83a70101aa5f}</UniqueIdentifier>
    </Filter>
    <Filter Include="Source FilesD:\dev\pcc\src\output\src\ffi\unsafe_coerce">
      <UniqueIdentifier>{fa0017e9-c7cb-4b4e-b743-ffedb04db019}</UniqueIdentifier>
    </Filter>
    <Filter Include="Source FilesD:\dev\pcc\src\output\src\Main">
      <UniqueIdentifier>{2df02cba-f778-41e7-a298-20912683451a}</UniqueIdentifier>
    </Filter>
    <Filter Include="Source FilesD:\dev\pcc\src\output\src\Prelude">
      <UniqueIdentifier>{081152f8-e6de-4d55-b36d-d4b11641d17e}</UniqueIdentifier>
    </Filter>
    <Filter Include="Source FilesD:\dev\pcc\src\output\src\Record_Unsafe">
      <UniqueIdentifier>{d00233c3-1a9e-4fb8-9364-9f6f7628f168}</UniqueIdentifier>
    </Filter>
    <Filter Include="Source FilesD:\dev\pcc\src\output\src\Type_Data_Row">
      <UniqueIdentifier>{31654c3b-9b55-4f31-901b-17ea00d9f4f6}</UniqueIdentifier>
    </Filter>
    <Filter Include="Source FilesD:\dev\pcc\src\output\src\Type_Data_RowList">
      <UniqueIdentifier>{bbd86d80-75a6-45de-9b32-6941b4f2604b}</UniqueIdentifier>
    </Filter>
  </ItemGroup>
  <ItemGroup>
    <ClInclude Include="D:\dev\pcc\src\output\src\dictionary.h" />
    <ClInclude Include="D:\dev\pcc\src\output\src\functions.h" />
    <ClInclude Include="D:\dev\pcc\src\output\src\purescript.h" />
    <ClInclude Include="D:\dev\pcc\src\output\src\recursion.h" />
    <ClInclude Include="D:\dev\pcc\src\output\src\Control_Applicative\Control_Applicative.h" />
    <ClInclude Include="D:\dev\pcc\src\output\src\Control_Apply\Control_Apply.h" />
    <ClInclude Include="D:\dev\pcc\src\output\src\Control_Bind\Control_Bind.h" />
    <ClInclude Include="D:\dev\pcc\src\output\src\Control_Category\Control_Category.h" />
    <ClInclude Include="D:\dev\pcc\src\output\src\Control_Monad\Control_Monad.h" />
    <ClInclude Include="D:\dev\pcc\src\output\src\Control_Semigroupoid\Control_Semigroupoid.h" />
    <ClInclude Include="D:\dev\pcc\src\output\src\Data_Boolean\Data_Boolean.h" />
    <ClInclude Include="D:\dev\pcc\src\output\src\Data_BooleanAlgebra\Data_BooleanAlgebra.h" />
    <ClInclude Include="D:\dev\pcc\src\output\src\Data_Bounded\Data_Bounded.h" />
    <ClInclude Include="D:\dev\pcc\src\output\src\Data_CommutativeRing\Data_CommutativeRing.h" />
    <ClInclude Include="D:\dev\pcc\src\output\src\Data_DivisionRing\Data_DivisionRing.h" />
    <ClInclude Include="D:\dev\pcc\src\output\src\Data_Eq\Data_Eq.h" />
    <ClInclude Include="D:\dev\pcc\src\output\src\Data_EuclideanRing\Data_EuclideanRing.h" />
    <ClInclude Include="D:\dev\pcc\src\output\src\Data_Field\Data_Field.h" />
    <ClInclude Include="D:\dev\pcc\src\output\src\Data_Function\Data_Function.h" />
    <ClInclude Include="D:\dev\pcc\src\output\src\Data_Functor\Data_Functor.h" />
    <ClInclude Include="D:\dev\pcc\src\output\src\Data_HeytingAlgebra\Data_HeytingAlgebra.h" />
    <ClInclude Include="D:\dev\pcc\src\output\src\Data_Monoid\Data_Monoid.h" />
    <ClInclude Include="D:\dev\pcc\src\output\src\Data_Monoid_Additive\Data_Monoid_Additive.h" />
    <ClInclude Include="D:\dev\pcc\src\output\src\Data_Monoid_Conj\Data_Monoid_Conj.h" />
    <ClInclude Include="D:\dev\pcc\src\output\src\Data_Monoid_Disj\Data_Monoid_Disj.h" />
    <ClInclude Include="D:\dev\pcc\src\output\src\Data_Monoid_Dual\Data_Monoid_Dual.h" />
    <ClInclude Include="D:\dev\pcc\src\output\src\Data_Monoid_Endo\Data_Monoid_Endo.h" />
    <ClInclude Include="D:\dev\pcc\src\output\src\Data_Monoid_Multiplicative\Data_Monoid_Multiplicative.h" />
    <ClInclude Include="D:\dev\pcc\src\output\src\Data_NaturalTransformation\Data_NaturalTransformation.h" />
    <ClInclude Include="D:\dev\pcc\src\output\src\Data_Ord\Data_Ord.h" />
    <ClInclude Include="D:\dev\pcc\src\output\src\Data_Ordering\Data_Ordering.h" />
    <ClInclude Include="D:\dev\pcc\src\output\src\Data_Ord_Unsafe\Data_Ord_Unsafe.h" />
    <ClInclude Include="D:\dev\pcc\src\output\src\Data_Ring\Data_Ring.h" />
    <ClInclude Include="D:\dev\pcc\src\output\src\Data_Semigroup\Data_Semigroup.h" />
    <ClInclude Include="D:\dev\pcc\src\output\src\Data_Semigroup_First\Data_Semigroup_First.h" />
    <ClInclude Include="D:\dev\pcc\src\output\src\Data_Semigroup_Last\Data_Semigroup_Last.h" />
    <ClInclude Include="D:\dev\pcc\src\output\src\Data_Semiring\Data_Semiring.h" />
    <ClInclude Include="D:\dev\pcc\src\output\src\Data_Show\Data_Show.h" />
    <ClInclude Include="D:\dev\pcc\src\output\src\Data_Symbol\Data_Symbol.h" />
    <ClInclude Include="D:\dev\pcc\src\output\src\Data_Unit\Data_Unit.h" />
    <ClInclude Include="D:\dev\pcc\src\output\src\Data_Void\Data_Void.h" />
    <ClInclude Include="D:\dev\pcc\src\output\src\Effect\Effect.h" />
    <ClInclude Include="D:\dev\pcc\src\output\src\Effect_Class\Effect_Class.h" />
    <ClInclude Include="D:\dev\pcc\src\output\src\Effect_Class_Console\Effect_Class_Console.h" />
    <ClInclude Include="D:\dev\pcc\src\output\src\Effect_Console\Effect_Console.h" />
    <ClInclude Include="D:\dev\pcc\src\output\src\Effect_Uncurried\Effect_Uncurried.h" />
    <ClInclude Include="D:\dev\pcc\src\output\src\Effect_Unsafe\Effect_Unsafe.h" />
    <ClInclude Include="D:\dev\pcc\src\output\src\Main\Main.h" />
    <ClInclude Include="D:\dev\pcc\src\output\src\Prelude\Prelude.h" />
    <ClInclude Include="D:\dev\pcc\src\output\src\Record_Unsafe\Record_Unsafe.h" />
    <ClInclude Include="D:\dev\pcc\src\output\src\Type_Data_Row\Type_Data_Row.h" />
    <ClInclude Include="D:\dev\pcc\src\output\src\Type_Data_RowList\Type_Data_RowList.h" />
  </ItemGroup>
  <ItemGroup>
    <ClCompile Include="D:\dev\pcc\src\output\src\purescript.cpp" />
    <ClCompile Include="D:\dev\pcc\src\output\src\Control_Applicative\Control_Applicative.cpp" />
    <ClCompile Include="D:\dev\pcc\src\output\src\Control_Apply\Control_Apply.cpp" />
    <ClCompile Include="D:\dev\pcc\src\output\src\Control_Bind\Control_Bind.cpp" />
    <ClCompile Include="D:\dev\pcc\src\output\src\Control_Category\Control_Category.cpp" />
    <ClCompile Include="D:\dev\pcc\src\output\src\Control_Monad\Control_Monad.cpp" />
    <ClCompile Include="D:\dev\pcc\src\output\src\Control_Semigroupoid\Control_Semigroupoid.cpp" />
    <ClCompile Include="D:\dev\pcc\src\output\src\Data_Boolean\Data_Boolean.cpp" />
    <ClCompile Include="D:\dev\pcc\src\output\src\Data_BooleanAlgebra\Data_BooleanAlgebra.cpp" />
    <ClCompile Include="D:\dev\pcc\src\output\src\Data_Bounded\Data_Bounded.cpp" />
    <ClCompile Include="D:\dev\pcc\src\output\src\Data_CommutativeRing\Data_CommutativeRing.cpp" />
    <ClCompile Include="D:\dev\pcc\src\output\src\Data_DivisionRing\Data_DivisionRing.cpp" />
    <ClCompile Include="D:\dev\pcc\src\output\src\Data_Eq\Data_Eq.cpp" />
    <ClCompile Include="D:\dev\pcc\src\output\src\Data_EuclideanRing\Data_EuclideanRing.cpp" />
    <ClCompile Include="D:\dev\pcc\src\output\src\Data_Field\Data_Field.cpp" />
    <ClCompile Include="D:\dev\pcc\src\output\src\Data_Function\Data_Function.cpp" />
    <ClCompile Include="D:\dev\pcc\src\output\src\Data_Functor\Data_Functor.cpp" />
    <ClCompile Include="D:\dev\pcc\src\output\src\Data_HeytingAlgebra\Data_HeytingAlgebra.cpp" />
    <ClCompile Include="D:\dev\pcc\src\output\src\Data_Monoid\Data_Monoid.cpp" />
    <ClCompile Include="D:\dev\pcc\src\output\src\Data_Monoid_Additive\Data_Monoid_Additive.cpp" />
    <ClCompile Include="D:\dev\pcc\src\output\src\Data_Monoid_Conj\Data_Monoid_Conj.cpp" />
    <ClCompile Include="D:\dev\pcc\src\output\src\Data_Monoid_Disj\Data_Monoid_Disj.cpp" />
    <ClCompile Include="D:\dev\pcc\src\output\src\Data_Monoid_Dual\Data_Monoid_Dual.cpp" />
    <ClCompile Include="D:\dev\pcc\src\output\src\Data_Monoid_Endo\Data_Monoid_Endo.cpp" />
    <ClCompile Include="D:\dev\pcc\src\output\src\Data_Monoid_Multiplicative\Data_Monoid_Multiplicative.cpp" />
    <ClCompile Include="D:\dev\pcc\src\output\src\Data_NaturalTransformation\Data_NaturalTransformation.cpp" />
    <ClCompile Include="D:\dev\pcc\src\output\src\Data_Ord\Data_Ord.cpp" />
    <ClCompile Include="D:\dev\pcc\src\output\src\Data_Ordering\Data_Ordering.cpp" />
    <ClCompile Include="D:\dev\pcc\src\output\src\Data_Ord_Unsafe\Data_Ord_Unsafe.cpp" />
    <ClCompile Include="D:\dev\pcc\src\output\src\Data_Ring\Data_Ring.cpp" />
    <ClCompile Include="D:\dev\pcc\src\output\src\Data_Semigroup\Data_Semigroup.cpp" />
    <ClCompile Include="D:\dev\pcc\src\output\src\Data_Semigroup_First\Data_Semigroup_First.cpp" />
    <ClCompile Include="D:\dev\pcc\src\output\src\Data_Semigroup_Last\Data_Semigroup_Last.cpp" />
    <ClCompile Include="D:\dev\pcc\src\output\src\Data_Semiring\Data_Semiring.cpp" />
    <ClCompile Include="D:\dev\pcc\src\output\src\Data_Show\Data_Show.cpp" />
    <ClCompile Include="D:\dev\pcc\src\output\src\Data_Symbol\Data_Symbol.cpp" />
    <ClCompile Include="D:\dev\pcc\src\output\src\Data_Unit\Data_Unit.cpp" />
    <ClCompile Include="D:\dev\pcc\src\output\src\Data_Void\Data_Void.cpp" />
    <ClCompile Include="D:\dev\pcc\src\output\src\Effect\Effect.cpp" />
    <ClCompile Include="D:\dev\pcc\src\output\src\Effect_Class\Effect_Class.cpp" />
    <ClCompile Include="D:\dev\pcc\src\output\src\Effect_Class_Console\Effect_Class_Console.cpp" />
    <ClCompile Include="D:\dev\pcc\src\output\src\Effect_Console\Effect_Console.cpp" />
    <ClCompile Include="D:\dev\pcc\src\output\src\Effect_Uncurried\Effect_Uncurried.cpp" />
    <ClCompile Include="D:\dev\pcc\src\output\src\Effect_Unsafe\Effect_Unsafe.cpp" />
    <ClCompile Include="D:\dev\pcc\src\output\src\ffi\arrays\data-array.cpp" />
    <ClCompile Include="D:\dev\pcc\src\output\src\ffi\assert\test-assert.cpp" />
    <ClCompile Include="D:\dev\pcc\src\output\src\ffi\console\effect-console.cpp" />
    <ClCompile Include="D:\dev\pcc\src\output\src\ffi\effect\effect-uncurried.cpp" />
    <ClCompile Include="D:\dev\pcc\src\output\src\ffi\effect\effect.cpp" />
    <ClCompile Include="D:\dev\pcc\src\output\src\ffi\foldable-traversable\data-foldable.cpp" />
    <ClCompile Include="D:\dev\pcc\src\output\src\ffi\foldable-traversable\data-foldablewithindex.cpp" />
    <ClCompile Include="D:\dev\pcc\src\output\src\ffi\foldable-traversable\data-traversable.cpp" />
    <ClCompile Include="D:\dev\pcc\src\output\src\ffi\functions\data-functions-uncurried.cpp" />
    <ClCompile Include="D:\dev\pcc\src\output\src\ffi\integers\data-int.cpp" />
    <ClCompile Include="D:\dev\pcc\src\output\src\ffi\math\math.cpp" />
    <ClCompile Include="D:\dev\pcc\src\output\src\ffi\partial\partial-unsafe.cpp" />
    <ClCompile Include="D:\dev\pcc\src\output\src\ffi\prelude\control-apply.cpp" />
    <ClCompile Include="D:\dev\pcc\src\output\src\ffi\prelude\data-bounded.cpp" />
    <ClCompile Include="D:\dev\pcc\src\output\src\ffi\prelude\data-eq.cpp" />
    <ClCompile Include="D:\dev\pcc\src\output\src\ffi\prelude\data-euclideanring.cpp" />
    <ClCompile Include="D:\dev\pcc\src\output\src\ffi\prelude\data-functor.cpp" />
    <ClCompile Include="D:\dev\pcc\src\output\src\ffi\prelude\data-heytingalgebra.cpp" />
    <ClCompile Include="D:\dev\pcc\src\output\src\ffi\prelude\data-ord.cpp" />
    <ClCompile Include="D:\dev\pcc\src\output\src\ffi\prelude\data-ring.cpp" />
    <ClCompile Include="D:\dev\pcc\src\output\src\ffi\prelude\data-semigroup.cpp" />
    <ClCompile Include="D:\dev\pcc\src\output\src\ffi\prelude\data-semiring.cpp" />
    <ClCompile Include="D:\dev\pcc\src\output\src\ffi\prelude\data-show.cpp" />
    <ClCompile Include="D:\dev\pcc\src\output\src\ffi\prelude\data-unit.cpp" />
    <ClCompile Include="D:\dev\pcc\src\output\src\ffi\refs\effect-ref.cpp" />
    <ClCompile Include="D:\dev\pcc\src\output\src\ffi\st\control-monad-st-internal.cpp" />
    <ClCompile Include="D:\dev\pcc\src\output\src\ffi\unsafe_coerce\unsafe-coerce.cpp" />
    <ClCompile Include="D:\dev\pcc\src\output\src\Main\Main.cpp" />
    <ClCompile Include="D:\dev\pcc\src\output\src\Prelude\Prelude.cpp" />
    <ClCompile Include="D:\dev\pcc\src\output\src\Record_Unsafe\Record_Unsafe.cpp" />
    <ClCompile Include="D:\dev\pcc\src\output\src\Type_Data_Row\Type_Data_Row.cpp" />
    <ClCompile Include="D:\dev\pcc\src\output\src\Type_Data_RowList\Type_Data_RowList.cpp" />
  </ItemGroup>
</Project>